
Microsoft Visual Studio Solution File, Format Version 12.00
# Visual Studio Version 17
VisualStudioVersion = 17.6.33815.320
MinimumVisualStudioVersion = 10.0.40219.1
Project("{FAE04EC0-301F-11D3-BF4B-00C04F79EFBC}") = "cs509_hands_on_4", "cs509_hands_on_4.csproj", "{0AE362D5-25A8-460E-8B1A-441F16956101}"
EndProject
Global
	GlobalSection(SolutionConfigurationPlatforms) = preSolution
		Debug|Any CPU = Debug|Any CPU
		Release|Any CPU = Release|Any CPU
	EndGlobalSection
	GlobalSection(ProjectConfigurationPlatforms) = postSolution
		{0AE362D5-25A8-460E-8B1A-441F16956101}.Debug|Any CPU.ActiveCfg = Debug|Any CPU
		{0AE362D5-25A8-460E-8B1A-441F16956101}.Debug|Any CPU.Build.0 = Debug|Any CPU
		{0AE362D5-25A8-460E-8B1A-441F16956101}.Release|Any CPU.ActiveCfg = Release|Any CPU
		{0AE362D5-25A8-460E-8B1A-441F16956101}.Release|Any CPU.Build.0 = Release|Any CPU
	EndGlobalSection
	GlobalSection(SolutionProperties) = preSolution
		HideSolutionNode = FALSE
	EndGlobalSection
	GlobalSection(ExtensibilityGlobals) = postSolution
		SolutionGuid = {65FE6547-28ED-4ABF-AAAA-F1B4F245FB41}
	EndGlobalSection
EndGlobal
